{
  "name": "hellodoctor",
  "lockfileVersion": 3,
  "requires": true,
  "packages": {
    "": {
      "dependencies": {
        "@serverless-devs/core": "^0.1.66"
      }
    },
    "node_modules/@serverless-devs/core": {
      "version": "0.1.66",
      "resolved": "https://registry.npmmirror.com/@serverless-devs/core/-/core-0.1.66.tgz",
      "integrity": "sha512-HT3v809GF18q1vygK18m4ZbdvOzkOku+Qgs6AJGQSBBekemV6QF3CoK23IrZbOBm1mzaTBD0Fy9pEtqaskx+NA=="
    }
  }
}
